
Microsoft Visual Studio Solution File, Format Version 12.00
# Visual Studio Version 17
VisualStudioVersion = 17.6.33717.318
MinimumVisualStudioVersion = 10.0.40219.1
Project("{FAE04EC0-301F-11D3-BF4B-00C04F79EFBC}") = "Presentation", "Unit4\Cuenta bancaria POO DDD v3\1- Presentation\Presentation\Presentation.csproj", "{EDDF64A0-3642-40DB-908A-18447A58E4D7}"
EndProject
Project("{2150E333-8FDC-42A3-9474-1A3956D46DE8}") = "Unit4", "Unit4", "{B3410474-1ABE-4A38-AD93-1B3B308BD484}"
EndProject
Project("{2150E333-8FDC-42A3-9474-1A3956D46DE8}") = "Cuenta bancaria POO DDD v3", "Cuenta bancaria POO DDD v3", "{769A5888-FE6A-4FA2-8517-8B9ADAD0DA75}"
EndProject
Project("{2150E333-8FDC-42A3-9474-1A3956D46DE8}") = "Gestión de trabajadores v2 DDDArchitecture", "Gestión de trabajadores v2 DDDArchitecture", "{97AA72EF-FDDA-41F9-8066-2D69CC5B8941}"
EndProject
Project("{2150E333-8FDC-42A3-9474-1A3956D46DE8}") = "1- Presentation", "1- Presentation", "{8E53860B-75BB-4C74-9C6E-8F12BD1AC8B0}"
EndProject
Project("{2150E333-8FDC-42A3-9474-1A3956D46DE8}") = "2- Business", "2- Business", "{5A999961-9531-49A0-B6B8-82AAAB4CFD15}"
EndProject
Project("{2150E333-8FDC-42A3-9474-1A3956D46DE8}") = "3- Domain", "3- Domain", "{515C1649-8D58-4BB4-8973-1381CB7F1A93}"
EndProject
Project("{2150E333-8FDC-42A3-9474-1A3956D46DE8}") = "4- Infrastructure.Data", "4- Infrastructure.Data", "{BD050294-C6E1-44FA-A4F3-0BDC5215F1E6}"
EndProject
Project("{2150E333-8FDC-42A3-9474-1A3956D46DE8}") = "5- Infrastructure", "5- Infrastructure", "{ACCF2034-D080-4A66-B6BF-FFFD57F4C24D}"
EndProject
Project("{FAE04EC0-301F-11D3-BF4B-00C04F79EFBC}") = "Business", "Unit4\Cuenta bancaria POO DDD v3\2- Business\ClassLibrary1\Business.csproj", "{12824092-38F1-4E35-9EAE-F631D76CB3FC}"
EndProject
Project("{FAE04EC0-301F-11D3-BF4B-00C04F79EFBC}") = "Domain", "Unit4\Cuenta bancaria POO DDD v3\3- Domain\Domain\Domain.csproj", "{F3991295-2101-4C07-99E5-C15F0395A7BF}"
EndProject
Project("{FAE04EC0-301F-11D3-BF4B-00C04F79EFBC}") = "Infrastructure.Data", "Unit4\Cuenta bancaria POO DDD v3\4- Infrastructure.Data\Infrastructure.Data\Infrastructure.Data.csproj", "{4CEFE409-8C04-4ED6-9DBA-CD0A8C374604}"
EndProject
Project("{FAE04EC0-301F-11D3-BF4B-00C04F79EFBC}") = "Infrastructure", "Unit4\Cuenta bancaria POO DDD v3\5- Infrastructure\5- Infrastructure\Infrastructure.csproj", "{A94D32AF-9743-4346-A9F9-62210AAD320F}"
EndProject
Project("{2150E333-8FDC-42A3-9474-1A3956D46DE8}") = "Unit1", "Unit1", "{9AC1D5F4-C5C7-4CE3-A8D8-C5A63D585143}"
EndProject
Project("{2150E333-8FDC-42A3-9474-1A3956D46DE8}") = "Unit2", "Unit2", "{9CF44296-E1D1-46E0-B969-04C4C4FE24A2}"
EndProject
Project("{2150E333-8FDC-42A3-9474-1A3956D46DE8}") = "Unit3", "Unit3", "{3D3C0717-1E1F-4200-8E83-8A86AC26180E}"
EndProject
Project("{2150E333-8FDC-42A3-9474-1A3956D46DE8}") = "NewFolder1", "NewFolder1", "{1ED543D6-3BE4-4012-9652-88E0F1597B21}"
EndProject
Project("{2150E333-8FDC-42A3-9474-1A3956D46DE8}") = "Array, List y Dictionary, enum, dynamic y var", "Array, List y Dictionary, enum, dynamic y var", "{6B4C5AF5-4E7A-48AE-90B1-2C607EA5849C}"
EndProject
Project("{2150E333-8FDC-42A3-9474-1A3956D46DE8}") = "cuenta bancaria monousuario v1", "cuenta bancaria monousuario v1", "{703DB72C-BB0B-4BA6-A2D4-76792B4978B0}"
EndProject
Project("{2150E333-8FDC-42A3-9474-1A3956D46DE8}") = "cuenta bancaria multiusuario v2", "cuenta bancaria multiusuario v2", "{EAD4F97B-DA54-499C-B3A7-F9AFFCA383C4}"
EndProject
Project("{2150E333-8FDC-42A3-9474-1A3956D46DE8}") = "Exercise DateTime", "Exercise DateTime", "{DA648909-9542-43E6-B525-17E207EDED76}"
EndProject
Project("{2150E333-8FDC-42A3-9474-1A3956D46DE8}") = "Cuenta bancaria POO v3", "Cuenta bancaria POO v3", "{FBE7A7CD-16B5-462A-9DFC-88DC95943B45}"
EndProject
Project("{2150E333-8FDC-42A3-9474-1A3956D46DE8}") = "Gestión de trabajadores v1", "Gestión de trabajadores v1", "{99C49CEF-F306-41A5-B167-9445A32C1EF3}"
EndProject
Project("{2150E333-8FDC-42A3-9474-1A3956D46DE8}") = "ClassLibrary", "ClassLibrary", "{2F6CB6D9-44F2-4632-BC40-95F9F17B8522}"
EndProject
Project("{2150E333-8FDC-42A3-9474-1A3956D46DE8}") = "Gestión de trabajadores v1 main", "Gestión de trabajadores v1 main", "{AC847D6F-A04D-47B4-B122-713E1226B779}"
EndProject
Project("{FAE04EC0-301F-11D3-BF4B-00C04F79EFBC}") = "Array, List, Dictionary, enum, dynamic y var", "Array, List, Dictionary, enum, dynamic y var\Array, List, Dictionary, enum, dynamic y var.csproj", "{6254FEF4-A015-4524-BFF9-3AE07BE67084}"
EndProject
Project("{FAE04EC0-301F-11D3-BF4B-00C04F79EFBC}") = "cuenta bancaria mono-usuario (Versión 1)", "Unit2\cuenta bancaria monousuario v1\cuenta bancaria mono-usuario (Versión 1)\cuenta bancaria mono-usuario (Versión 1).csproj", "{7885BB24-B454-4AFA-92A4-D06D172B71AC}"
EndProject
Project("{FAE04EC0-301F-11D3-BF4B-00C04F79EFBC}") = "cuenta bancaria multi-usuario (Versión 2)", "Unit2\cuenta bancaria multiusuario v2\cuenta bancaria multi-usuario (Versión 2)\cuenta bancaria multi-usuario (Versión 2).csproj", "{7F0EC5F0-7FD7-49D4-B627-A5B8D679E757}"
EndProject
Project("{FAE04EC0-301F-11D3-BF4B-00C04F79EFBC}") = "Exercise DateTime", "Unit2\Exercise DateTime\Exercise DateTime\Exercise DateTime.csproj", "{A9F7D0EE-848A-4651-AC1B-464892CBF7F4}"
EndProject
Project("{2150E333-8FDC-42A3-9474-1A3956D46DE8}") = "Family Herency", "Family Herency", "{7704910C-9F07-4EE0-85C6-4516B5FF738C}"
EndProject
Project("{FAE04EC0-301F-11D3-BF4B-00C04F79EFBC}") = "FamilyMain", "Unit3\Family Herency\FamilyMain\FamilyMain.csproj", "{31B19644-2C4A-4076-AA23-521BE62C3039}"
EndProject
Project("{FAE04EC0-301F-11D3-BF4B-00C04F79EFBC}") = "cuenta bancaria multi-usuario aplicando OOP", "Unit3\Cuenta bancaria POO v3\cuenta bancaria multi-usuario aplicando OOP\cuenta bancaria multi-usuario aplicando OOP.csproj", "{390278BD-3F84-4EDE-B4E6-14C9E9A557F7}"
EndProject
Project("{FAE04EC0-301F-11D3-BF4B-00C04F79EFBC}") = "ClassLibraryWorkers", "Unit3\Gestión de trabajadores v1\ClassLibrary\ClassLibraryWorkers\ClassLibraryWorkers.csproj", "{89DE7867-629D-4A48-8270-08ADF2113D87}"
EndProject
Project("{FAE04EC0-301F-11D3-BF4B-00C04F79EFBC}") = "MainWorkers", "Unit3\Gestión de trabajadores v1\Gestión de trabajadores v1 main\MainWorkers\MainWorkers.csproj", "{939C4742-C8F0-4E4D-8A09-B99D67DC2852}"
EndProject
Project("{2150E333-8FDC-42A3-9474-1A3956D46DE8}") = "1- Presentation", "1- Presentation", "{3CD0D466-AA2F-406E-B43A-DD608B5178C1}"
EndProject
Project("{2150E333-8FDC-42A3-9474-1A3956D46DE8}") = "2 - Business", "2 - Business", "{9CA795C8-3907-4657-B58F-12B34047EADA}"
EndProject
Project("{2150E333-8FDC-42A3-9474-1A3956D46DE8}") = "3 - Domain", "3 - Domain", "{59068562-CD8C-495D-9903-65F06AD177EE}"
EndProject
Project("{2150E333-8FDC-42A3-9474-1A3956D46DE8}") = "4 - Infrastructure.Data", "4 - Infrastructure.Data", "{DE8CBB71-6C6F-429B-A63B-FFA0C3584EAF}"
EndProject
Project("{2150E333-8FDC-42A3-9474-1A3956D46DE8}") = "5 - Infrastructure", "5 - Infrastructure", "{FCDE27C2-0181-427D-8215-D8CE55C1A3ED}"
EndProject
Project("{FAE04EC0-301F-11D3-BF4B-00C04F79EFBC}") = "Presentation", "Unit4\Gestión de trabajadores v2 DDDArchitecture\1- Presentation\Presentation\Presentation.csproj", "{6B530B64-4B56-49FC-9EAB-4FAC4F8031AA}"
EndProject
Project("{FAE04EC0-301F-11D3-BF4B-00C04F79EFBC}") = "DomainEntities", "Unit4\Gestión de trabajadores v2 DDDArchitecture\3- Domain\DomainEntities\DomainEntities.csproj", "{D1008128-2F92-4A2A-8DFF-BB5FCE4C6F62}"
EndProject
Project("{2150E333-8FDC-42A3-9474-1A3956D46DE8}") = "Repositories", "Repositories", "{17185241-FF6E-4C59-A525-828456705CC1}"
EndProject
Project("{FAE04EC0-301F-11D3-BF4B-00C04F79EFBC}") = "Repositories", "Unit4\Gestión de trabajadores v2 DDDArchitecture\4- Infrastructure.Data\Repositories\Repositories\Repositories.csproj", "{E4A4055B-8098-43BE-A410-7EBE7A33A8A4}"
EndProject
Project("{2150E333-8FDC-42A3-9474-1A3956D46DE8}") = "Tests", "Tests", "{12D506BF-9992-4D9C-B28D-15F308816EA7}"
EndProject
Project("{FAE04EC0-301F-11D3-BF4B-00C04F79EFBC}") = "AccountService.tests", "Unit4\Cuenta bancaria POO DDD v3\5- Infrastructure\5- Infrastructure\Tests\AccountService.tests\AccountService.tests.csproj", "{5DD56488-62FD-4794-9A4E-2671079BD3A3}"
EndProject
Project("{FAE04EC0-301F-11D3-BF4B-00C04F79EFBC}") = "Domain.tests", "Unit4\Cuenta bancaria POO DDD v3\5- Infrastructure\5- Infrastructure\Tests\Domain.Test\Domain.tests\Domain.tests.csproj", "{F2B5225D-0B07-4421-ADFE-748459B8A6EA}"
EndProject
Project("{FAE04EC0-301F-11D3-BF4B-00C04F79EFBC}") = "Services", "Unit4\Gestión de trabajadores v2 DDDArchitecture\2- Business\ITWorkerServices\Services\Services.csproj", "{A158A6DA-7F65-47EE-BDE8-DBC0A1629FB1}"
EndProject
Project("{2150E333-8FDC-42A3-9474-1A3956D46DE8}") = "1.5 - WebServices", "1.5 - WebServices", "{5D3988EB-B610-414A-8347-4B9AEA1308EA}"
EndProject
Project("{FAE04EC0-301F-11D3-BF4B-00C04F79EFBC}") = "InfrastructureData.Test", "Unit4\Cuenta bancaria POO DDD v3\5- Infrastructure\5- Infrastructure\Tests\InfrastructureData.Test\InfrastructureData.Test.csproj", "{B65C75A6-2E9B-4AC3-9198-AB85706754D8}"
EndProject
Project("{FAE04EC0-301F-11D3-BF4B-00C04F79EFBC}") = "WebApi", "Unit4\Cuenta bancaria POO DDD v3\1.5- WebServices\WebApi\WebApi\WebApi.csproj", "{D8EEF1D6-1FAB-48C3-88D8-08354D49A2A0}"
EndProject
Global
	GlobalSection(SolutionConfigurationPlatforms) = preSolution
		Debug|Any CPU = Debug|Any CPU
		Release|Any CPU = Release|Any CPU
	EndGlobalSection
	GlobalSection(ProjectConfigurationPlatforms) = postSolution
		{EDDF64A0-3642-40DB-908A-18447A58E4D7}.Debug|Any CPU.ActiveCfg = Debug|Any CPU
		{EDDF64A0-3642-40DB-908A-18447A58E4D7}.Debug|Any CPU.Build.0 = Debug|Any CPU
		{EDDF64A0-3642-40DB-908A-18447A58E4D7}.Release|Any CPU.ActiveCfg = Release|Any CPU
		{EDDF64A0-3642-40DB-908A-18447A58E4D7}.Release|Any CPU.Build.0 = Release|Any CPU
		{12824092-38F1-4E35-9EAE-F631D76CB3FC}.Debug|Any CPU.ActiveCfg = Debug|Any CPU
		{12824092-38F1-4E35-9EAE-F631D76CB3FC}.Debug|Any CPU.Build.0 = Debug|Any CPU
		{12824092-38F1-4E35-9EAE-F631D76CB3FC}.Release|Any CPU.ActiveCfg = Release|Any CPU
		{12824092-38F1-4E35-9EAE-F631D76CB3FC}.Release|Any CPU.Build.0 = Release|Any CPU
		{F3991295-2101-4C07-99E5-C15F0395A7BF}.Debug|Any CPU.ActiveCfg = Debug|Any CPU
		{F3991295-2101-4C07-99E5-C15F0395A7BF}.Debug|Any CPU.Build.0 = Debug|Any CPU
		{F3991295-2101-4C07-99E5-C15F0395A7BF}.Release|Any CPU.ActiveCfg = Release|Any CPU
		{F3991295-2101-4C07-99E5-C15F0395A7BF}.Release|Any CPU.Build.0 = Release|Any CPU
		{4CEFE409-8C04-4ED6-9DBA-CD0A8C374604}.Debug|Any CPU.ActiveCfg = Debug|Any CPU
		{4CEFE409-8C04-4ED6-9DBA-CD0A8C374604}.Debug|Any CPU.Build.0 = Debug|Any CPU
		{4CEFE409-8C04-4ED6-9DBA-CD0A8C374604}.Release|Any CPU.ActiveCfg = Release|Any CPU
		{4CEFE409-8C04-4ED6-9DBA-CD0A8C374604}.Release|Any CPU.Build.0 = Release|Any CPU
		{A94D32AF-9743-4346-A9F9-62210AAD320F}.Debug|Any CPU.ActiveCfg = Debug|Any CPU
		{A94D32AF-9743-4346-A9F9-62210AAD320F}.Debug|Any CPU.Build.0 = Debug|Any CPU
		{A94D32AF-9743-4346-A9F9-62210AAD320F}.Release|Any CPU.ActiveCfg = Release|Any CPU
		{A94D32AF-9743-4346-A9F9-62210AAD320F}.Release|Any CPU.Build.0 = Release|Any CPU
		{6254FEF4-A015-4524-BFF9-3AE07BE67084}.Debug|Any CPU.ActiveCfg = Debug|Any CPU
		{6254FEF4-A015-4524-BFF9-3AE07BE67084}.Debug|Any CPU.Build.0 = Debug|Any CPU
		{6254FEF4-A015-4524-BFF9-3AE07BE67084}.Release|Any CPU.ActiveCfg = Release|Any CPU
		{6254FEF4-A015-4524-BFF9-3AE07BE67084}.Release|Any CPU.Build.0 = Release|Any CPU
		{7885BB24-B454-4AFA-92A4-D06D172B71AC}.Debug|Any CPU.ActiveCfg = Debug|Any CPU
		{7885BB24-B454-4AFA-92A4-D06D172B71AC}.Debug|Any CPU.Build.0 = Debug|Any CPU
		{7885BB24-B454-4AFA-92A4-D06D172B71AC}.Release|Any CPU.ActiveCfg = Release|Any CPU
		{7885BB24-B454-4AFA-92A4-D06D172B71AC}.Release|Any CPU.Build.0 = Release|Any CPU
		{7F0EC5F0-7FD7-49D4-B627-A5B8D679E757}.Debug|Any CPU.ActiveCfg = Debug|Any CPU
		{7F0EC5F0-7FD7-49D4-B627-A5B8D679E757}.Debug|Any CPU.Build.0 = Debug|Any CPU
		{7F0EC5F0-7FD7-49D4-B627-A5B8D679E757}.Release|Any CPU.ActiveCfg = Release|Any CPU
		{7F0EC5F0-7FD7-49D4-B627-A5B8D679E757}.Release|Any CPU.Build.0 = Release|Any CPU
		{A9F7D0EE-848A-4651-AC1B-464892CBF7F4}.Debug|Any CPU.ActiveCfg = Debug|Any CPU
		{A9F7D0EE-848A-4651-AC1B-464892CBF7F4}.Debug|Any CPU.Build.0 = Debug|Any CPU
		{A9F7D0EE-848A-4651-AC1B-464892CBF7F4}.Release|Any CPU.ActiveCfg = Release|Any CPU
		{A9F7D0EE-848A-4651-AC1B-464892CBF7F4}.Release|Any CPU.Build.0 = Release|Any CPU
		{31B19644-2C4A-4076-AA23-521BE62C3039}.Debug|Any CPU.ActiveCfg = Debug|Any CPU
		{31B19644-2C4A-4076-AA23-521BE62C3039}.Debug|Any CPU.Build.0 = Debug|Any CPU
		{31B19644-2C4A-4076-AA23-521BE62C3039}.Release|Any CPU.ActiveCfg = Release|Any CPU
		{31B19644-2C4A-4076-AA23-521BE62C3039}.Release|Any CPU.Build.0 = Release|Any CPU
		{390278BD-3F84-4EDE-B4E6-14C9E9A557F7}.Debug|Any CPU.ActiveCfg = Debug|Any CPU
		{390278BD-3F84-4EDE-B4E6-14C9E9A557F7}.Debug|Any CPU.Build.0 = Debug|Any CPU
		{390278BD-3F84-4EDE-B4E6-14C9E9A557F7}.Release|Any CPU.ActiveCfg = Release|Any CPU
		{390278BD-3F84-4EDE-B4E6-14C9E9A557F7}.Release|Any CPU.Build.0 = Release|Any CPU
		{89DE7867-629D-4A48-8270-08ADF2113D87}.Debug|Any CPU.ActiveCfg = Debug|Any CPU
		{89DE7867-629D-4A48-8270-08ADF2113D87}.Debug|Any CPU.Build.0 = Debug|Any CPU
		{89DE7867-629D-4A48-8270-08ADF2113D87}.Release|Any CPU.ActiveCfg = Release|Any CPU
		{89DE7867-629D-4A48-8270-08ADF2113D87}.Release|Any CPU.Build.0 = Release|Any CPU
		{939C4742-C8F0-4E4D-8A09-B99D67DC2852}.Debug|Any CPU.ActiveCfg = Debug|Any CPU
		{939C4742-C8F0-4E4D-8A09-B99D67DC2852}.Debug|Any CPU.Build.0 = Debug|Any CPU
		{939C4742-C8F0-4E4D-8A09-B99D67DC2852}.Release|Any CPU.ActiveCfg = Release|Any CPU
		{939C4742-C8F0-4E4D-8A09-B99D67DC2852}.Release|Any CPU.Build.0 = Release|Any CPU
		{6B530B64-4B56-49FC-9EAB-4FAC4F8031AA}.Debug|Any CPU.ActiveCfg = Debug|Any CPU
		{6B530B64-4B56-49FC-9EAB-4FAC4F8031AA}.Debug|Any CPU.Build.0 = Debug|Any CPU
		{6B530B64-4B56-49FC-9EAB-4FAC4F8031AA}.Release|Any CPU.ActiveCfg = Release|Any CPU
		{6B530B64-4B56-49FC-9EAB-4FAC4F8031AA}.Release|Any CPU.Build.0 = Release|Any CPU
		{D1008128-2F92-4A2A-8DFF-BB5FCE4C6F62}.Debug|Any CPU.ActiveCfg = Debug|Any CPU
		{D1008128-2F92-4A2A-8DFF-BB5FCE4C6F62}.Debug|Any CPU.Build.0 = Debug|Any CPU
		{D1008128-2F92-4A2A-8DFF-BB5FCE4C6F62}.Release|Any CPU.ActiveCfg = Release|Any CPU
		{D1008128-2F92-4A2A-8DFF-BB5FCE4C6F62}.Release|Any CPU.Build.0 = Release|Any CPU
		{E4A4055B-8098-43BE-A410-7EBE7A33A8A4}.Debug|Any CPU.ActiveCfg = Debug|Any CPU
		{E4A4055B-8098-43BE-A410-7EBE7A33A8A4}.Debug|Any CPU.Build.0 = Debug|Any CPU
		{E4A4055B-8098-43BE-A410-7EBE7A33A8A4}.Release|Any CPU.ActiveCfg = Release|Any CPU
		{E4A4055B-8098-43BE-A410-7EBE7A33A8A4}.Release|Any CPU.Build.0 = Release|Any CPU
		{5DD56488-62FD-4794-9A4E-2671079BD3A3}.Debug|Any CPU.ActiveCfg = Debug|Any CPU
		{5DD56488-62FD-4794-9A4E-2671079BD3A3}.Debug|Any CPU.Build.0 = Debug|Any CPU
		{5DD56488-62FD-4794-9A4E-2671079BD3A3}.Release|Any CPU.ActiveCfg = Release|Any CPU
		{5DD56488-62FD-4794-9A4E-2671079BD3A3}.Release|Any CPU.Build.0 = Release|Any CPU
		{F2B5225D-0B07-4421-ADFE-748459B8A6EA}.Debug|Any CPU.ActiveCfg = Debug|Any CPU
		{F2B5225D-0B07-4421-ADFE-748459B8A6EA}.Debug|Any CPU.Build.0 = Debug|Any CPU
		{F2B5225D-0B07-4421-ADFE-748459B8A6EA}.Release|Any CPU.ActiveCfg = Release|Any CPU
		{F2B5225D-0B07-4421-ADFE-748459B8A6EA}.Release|Any CPU.Build.0 = Release|Any CPU
		{A158A6DA-7F65-47EE-BDE8-DBC0A1629FB1}.Debug|Any CPU.ActiveCfg = Debug|Any CPU
		{A158A6DA-7F65-47EE-BDE8-DBC0A1629FB1}.Debug|Any CPU.Build.0 = Debug|Any CPU
		{A158A6DA-7F65-47EE-BDE8-DBC0A1629FB1}.Release|Any CPU.ActiveCfg = Release|Any CPU
		{A158A6DA-7F65-47EE-BDE8-DBC0A1629FB1}.Release|Any CPU.Build.0 = Release|Any CPU
		{B65C75A6-2E9B-4AC3-9198-AB85706754D8}.Debug|Any CPU.ActiveCfg = Debug|Any CPU
		{B65C75A6-2E9B-4AC3-9198-AB85706754D8}.Debug|Any CPU.Build.0 = Debug|Any CPU
		{B65C75A6-2E9B-4AC3-9198-AB85706754D8}.Release|Any CPU.ActiveCfg = Release|Any CPU
		{B65C75A6-2E9B-4AC3-9198-AB85706754D8}.Release|Any CPU.Build.0 = Release|Any CPU
		{D8EEF1D6-1FAB-48C3-88D8-08354D49A2A0}.Debug|Any CPU.ActiveCfg = Debug|Any CPU
		{D8EEF1D6-1FAB-48C3-88D8-08354D49A2A0}.Debug|Any CPU.Build.0 = Debug|Any CPU
		{D8EEF1D6-1FAB-48C3-88D8-08354D49A2A0}.Release|Any CPU.ActiveCfg = Release|Any CPU
		{D8EEF1D6-1FAB-48C3-88D8-08354D49A2A0}.Release|Any CPU.Build.0 = Release|Any CPU
	EndGlobalSection
	GlobalSection(SolutionProperties) = preSolution
		HideSolutionNode = FALSE
	EndGlobalSection
	GlobalSection(NestedProjects) = preSolution
		{EDDF64A0-3642-40DB-908A-18447A58E4D7} = {8E53860B-75BB-4C74-9C6E-8F12BD1AC8B0}
		{769A5888-FE6A-4FA2-8517-8B9ADAD0DA75} = {B3410474-1ABE-4A38-AD93-1B3B308BD484}
		{97AA72EF-FDDA-41F9-8066-2D69CC5B8941} = {B3410474-1ABE-4A38-AD93-1B3B308BD484}
		{8E53860B-75BB-4C74-9C6E-8F12BD1AC8B0} = {769A5888-FE6A-4FA2-8517-8B9ADAD0DA75}
		{5A999961-9531-49A0-B6B8-82AAAB4CFD15} = {769A5888-FE6A-4FA2-8517-8B9ADAD0DA75}
		{515C1649-8D58-4BB4-8973-1381CB7F1A93} = {769A5888-FE6A-4FA2-8517-8B9ADAD0DA75}
		{BD050294-C6E1-44FA-A4F3-0BDC5215F1E6} = {769A5888-FE6A-4FA2-8517-8B9ADAD0DA75}
		{ACCF2034-D080-4A66-B6BF-FFFD57F4C24D} = {769A5888-FE6A-4FA2-8517-8B9ADAD0DA75}
		{12824092-38F1-4E35-9EAE-F631D76CB3FC} = {5A999961-9531-49A0-B6B8-82AAAB4CFD15}
		{F3991295-2101-4C07-99E5-C15F0395A7BF} = {515C1649-8D58-4BB4-8973-1381CB7F1A93}
		{4CEFE409-8C04-4ED6-9DBA-CD0A8C374604} = {BD050294-C6E1-44FA-A4F3-0BDC5215F1E6}
		{A94D32AF-9743-4346-A9F9-62210AAD320F} = {ACCF2034-D080-4A66-B6BF-FFFD57F4C24D}
		{1ED543D6-3BE4-4012-9652-88E0F1597B21} = {9AC1D5F4-C5C7-4CE3-A8D8-C5A63D585143}
		{6B4C5AF5-4E7A-48AE-90B1-2C607EA5849C} = {9CF44296-E1D1-46E0-B969-04C4C4FE24A2}
		{703DB72C-BB0B-4BA6-A2D4-76792B4978B0} = {9CF44296-E1D1-46E0-B969-04C4C4FE24A2}
		{EAD4F97B-DA54-499C-B3A7-F9AFFCA383C4} = {9CF44296-E1D1-46E0-B969-04C4C4FE24A2}
		{DA648909-9542-43E6-B525-17E207EDED76} = {9CF44296-E1D1-46E0-B969-04C4C4FE24A2}
		{FBE7A7CD-16B5-462A-9DFC-88DC95943B45} = {3D3C0717-1E1F-4200-8E83-8A86AC26180E}
		{99C49CEF-F306-41A5-B167-9445A32C1EF3} = {3D3C0717-1E1F-4200-8E83-8A86AC26180E}
		{2F6CB6D9-44F2-4632-BC40-95F9F17B8522} = {99C49CEF-F306-41A5-B167-9445A32C1EF3}
		{AC847D6F-A04D-47B4-B122-713E1226B779} = {99C49CEF-F306-41A5-B167-9445A32C1EF3}
		{6254FEF4-A015-4524-BFF9-3AE07BE67084} = {6B4C5AF5-4E7A-48AE-90B1-2C607EA5849C}
		{7885BB24-B454-4AFA-92A4-D06D172B71AC} = {703DB72C-BB0B-4BA6-A2D4-76792B4978B0}
		{7F0EC5F0-7FD7-49D4-B627-A5B8D679E757} = {EAD4F97B-DA54-499C-B3A7-F9AFFCA383C4}
		{A9F7D0EE-848A-4651-AC1B-464892CBF7F4} = {DA648909-9542-43E6-B525-17E207EDED76}
		{7704910C-9F07-4EE0-85C6-4516B5FF738C} = {3D3C0717-1E1F-4200-8E83-8A86AC26180E}
		{31B19644-2C4A-4076-AA23-521BE62C3039} = {7704910C-9F07-4EE0-85C6-4516B5FF738C}
		{390278BD-3F84-4EDE-B4E6-14C9E9A557F7} = {FBE7A7CD-16B5-462A-9DFC-88DC95943B45}
		{89DE7867-629D-4A48-8270-08ADF2113D87} = {2F6CB6D9-44F2-4632-BC40-95F9F17B8522}
		{939C4742-C8F0-4E4D-8A09-B99D67DC2852} = {AC847D6F-A04D-47B4-B122-713E1226B779}
		{3CD0D466-AA2F-406E-B43A-DD608B5178C1} = {97AA72EF-FDDA-41F9-8066-2D69CC5B8941}
		{9CA795C8-3907-4657-B58F-12B34047EADA} = {97AA72EF-FDDA-41F9-8066-2D69CC5B8941}
		{59068562-CD8C-495D-9903-65F06AD177EE} = {97AA72EF-FDDA-41F9-8066-2D69CC5B8941}
		{DE8CBB71-6C6F-429B-A63B-FFA0C3584EAF} = {97AA72EF-FDDA-41F9-8066-2D69CC5B8941}
		{FCDE27C2-0181-427D-8215-D8CE55C1A3ED} = {97AA72EF-FDDA-41F9-8066-2D69CC5B8941}
		{6B530B64-4B56-49FC-9EAB-4FAC4F8031AA} = {3CD0D466-AA2F-406E-B43A-DD608B5178C1}
		{D1008128-2F92-4A2A-8DFF-BB5FCE4C6F62} = {59068562-CD8C-495D-9903-65F06AD177EE}
		{17185241-FF6E-4C59-A525-828456705CC1} = {DE8CBB71-6C6F-429B-A63B-FFA0C3584EAF}
		{E4A4055B-8098-43BE-A410-7EBE7A33A8A4} = {17185241-FF6E-4C59-A525-828456705CC1}
		{12D506BF-9992-4D9C-B28D-15F308816EA7} = {ACCF2034-D080-4A66-B6BF-FFFD57F4C24D}
		{5DD56488-62FD-4794-9A4E-2671079BD3A3} = {12D506BF-9992-4D9C-B28D-15F308816EA7}
		{F2B5225D-0B07-4421-ADFE-748459B8A6EA} = {12D506BF-9992-4D9C-B28D-15F308816EA7}
		{A158A6DA-7F65-47EE-BDE8-DBC0A1629FB1} = {9CA795C8-3907-4657-B58F-12B34047EADA}
		{5D3988EB-B610-414A-8347-4B9AEA1308EA} = {769A5888-FE6A-4FA2-8517-8B9ADAD0DA75}
		{B65C75A6-2E9B-4AC3-9198-AB85706754D8} = {12D506BF-9992-4D9C-B28D-15F308816EA7}
		{D8EEF1D6-1FAB-48C3-88D8-08354D49A2A0} = {5D3988EB-B610-414A-8347-4B9AEA1308EA}
	EndGlobalSection
	GlobalSection(ExtensibilityGlobals) = postSolution
		SolutionGuid = {DEFF4A17-548A-443D-9663-9C9812948076}
	EndGlobalSection
EndGlobal
