
Microsoft Visual Studio Solution File, Format Version 12.00
# Visual Studio Version 17
VisualStudioVersion = 17.6.33801.468
MinimumVisualStudioVersion = 10.0.40219.1
Project("{2150E333-8FDC-42A3-9474-1A3956D46DE8}") = "1- DistributedServices", "1- DistributedServices", "{C3E082DB-6DD1-4730-B342-6FE8A1236F54}"
EndProject
Project("{2150E333-8FDC-42A3-9474-1A3956D46DE8}") = "2- Business", "2- Business", "{AEB5AA05-BC12-4B1C-82B2-6E749F2221B8}"
EndProject
Project("{2150E333-8FDC-42A3-9474-1A3956D46DE8}") = "3- Domain", "3- Domain", "{50D91000-34EE-43DD-8B6E-EF55DA93F7A4}"
EndProject
Project("{2150E333-8FDC-42A3-9474-1A3956D46DE8}") = "4- Infrastructure", "4- Infrastructure", "{E27D7196-219A-4320-A7DF-8B3821D6F6CF}"
EndProject
Project("{FAE04EC0-301F-11D3-BF4B-00C04F79EFBC}") = "PassengersWebApi", "PassengersWebApi\PassengersWebApi.csproj", "{A1960854-53FC-4E20-A563-078A657259FD}"
EndProject
Project("{FAE04EC0-301F-11D3-BF4B-00C04F79EFBC}") = "Business", "Business\Business.csproj", "{3FCAEDF0-F1BC-40B3-B44E-FD66CC602D29}"
EndProject
Project("{FAE04EC0-301F-11D3-BF4B-00C04F79EFBC}") = "Domain", "Domain\Domain.csproj", "{186792AD-332A-48A8-898D-950EE7BEC4BA}"
EndProject
Project("{FAE04EC0-301F-11D3-BF4B-00C04F79EFBC}") = "Infrastructure.Data", "Infrastructure.Data\Infrastructure.Data.csproj", "{451A6252-7B25-4939-9CCA-8A1D4B8BA7EB}"
EndProject
Project("{FAE04EC0-301F-11D3-BF4B-00C04F79EFBC}") = "DTOs", "DTOs\DTOs.csproj", "{346EE02B-7AAE-4817-9096-6FEDA450BE8E}"
EndProject
Global
	GlobalSection(SolutionConfigurationPlatforms) = preSolution
		Debug|Any CPU = Debug|Any CPU
		Release|Any CPU = Release|Any CPU
	EndGlobalSection
	GlobalSection(ProjectConfigurationPlatforms) = postSolution
		{A1960854-53FC-4E20-A563-078A657259FD}.Debug|Any CPU.ActiveCfg = Debug|Any CPU
		{A1960854-53FC-4E20-A563-078A657259FD}.Debug|Any CPU.Build.0 = Debug|Any CPU
		{A1960854-53FC-4E20-A563-078A657259FD}.Release|Any CPU.ActiveCfg = Release|Any CPU
		{A1960854-53FC-4E20-A563-078A657259FD}.Release|Any CPU.Build.0 = Release|Any CPU
		{3FCAEDF0-F1BC-40B3-B44E-FD66CC602D29}.Debug|Any CPU.ActiveCfg = Debug|Any CPU
		{3FCAEDF0-F1BC-40B3-B44E-FD66CC602D29}.Debug|Any CPU.Build.0 = Debug|Any CPU
		{3FCAEDF0-F1BC-40B3-B44E-FD66CC602D29}.Release|Any CPU.ActiveCfg = Release|Any CPU
		{3FCAEDF0-F1BC-40B3-B44E-FD66CC602D29}.Release|Any CPU.Build.0 = Release|Any CPU
		{186792AD-332A-48A8-898D-950EE7BEC4BA}.Debug|Any CPU.ActiveCfg = Debug|Any CPU
		{186792AD-332A-48A8-898D-950EE7BEC4BA}.Debug|Any CPU.Build.0 = Debug|Any CPU
		{186792AD-332A-48A8-898D-950EE7BEC4BA}.Release|Any CPU.ActiveCfg = Release|Any CPU
		{186792AD-332A-48A8-898D-950EE7BEC4BA}.Release|Any CPU.Build.0 = Release|Any CPU
		{451A6252-7B25-4939-9CCA-8A1D4B8BA7EB}.Debug|Any CPU.ActiveCfg = Debug|Any CPU
		{451A6252-7B25-4939-9CCA-8A1D4B8BA7EB}.Debug|Any CPU.Build.0 = Debug|Any CPU
		{451A6252-7B25-4939-9CCA-8A1D4B8BA7EB}.Release|Any CPU.ActiveCfg = Release|Any CPU
		{451A6252-7B25-4939-9CCA-8A1D4B8BA7EB}.Release|Any CPU.Build.0 = Release|Any CPU
		{346EE02B-7AAE-4817-9096-6FEDA450BE8E}.Debug|Any CPU.ActiveCfg = Debug|Any CPU
		{346EE02B-7AAE-4817-9096-6FEDA450BE8E}.Debug|Any CPU.Build.0 = Debug|Any CPU
		{346EE02B-7AAE-4817-9096-6FEDA450BE8E}.Release|Any CPU.ActiveCfg = Release|Any CPU
		{346EE02B-7AAE-4817-9096-6FEDA450BE8E}.Release|Any CPU.Build.0 = Release|Any CPU
	EndGlobalSection
	GlobalSection(SolutionProperties) = preSolution
		HideSolutionNode = FALSE
	EndGlobalSection
	GlobalSection(NestedProjects) = preSolution
		{A1960854-53FC-4E20-A563-078A657259FD} = {C3E082DB-6DD1-4730-B342-6FE8A1236F54}
		{3FCAEDF0-F1BC-40B3-B44E-FD66CC602D29} = {AEB5AA05-BC12-4B1C-82B2-6E749F2221B8}
		{186792AD-332A-48A8-898D-950EE7BEC4BA} = {50D91000-34EE-43DD-8B6E-EF55DA93F7A4}
		{451A6252-7B25-4939-9CCA-8A1D4B8BA7EB} = {E27D7196-219A-4320-A7DF-8B3821D6F6CF}
		{346EE02B-7AAE-4817-9096-6FEDA450BE8E} = {AEB5AA05-BC12-4B1C-82B2-6E749F2221B8}
	EndGlobalSection
	GlobalSection(ExtensibilityGlobals) = postSolution
		SolutionGuid = {A3E6B5A7-BD71-493B-8894-D91FFCEB1F02}
	EndGlobalSection
EndGlobal
