
Microsoft Visual Studio Solution File, Format Version 12.00
# Visual Studio Version 17
VisualStudioVersion = 17.6.33801.468
MinimumVisualStudioVersion = 10.0.40219.1
Project("{FAE04EC0-301F-11D3-BF4B-00C04F79EFBC}") = "TestInMemoryCache", "TestInMemoryCache\TestInMemoryCache.csproj", "{2CEE88BC-401A-4C15-912E-E805246C737A}"
EndProject
Global
	GlobalSection(SolutionConfigurationPlatforms) = preSolution
		Debug|Any CPU = Debug|Any CPU
		Release|Any CPU = Release|Any CPU
	EndGlobalSection
	GlobalSection(ProjectConfigurationPlatforms) = postSolution
		{2CEE88BC-401A-4C15-912E-E805246C737A}.Debug|Any CPU.ActiveCfg = Debug|Any CPU
		{2CEE88BC-401A-4C15-912E-E805246C737A}.Debug|Any CPU.Build.0 = Debug|Any CPU
		{2CEE88BC-401A-4C15-912E-E805246C737A}.Release|Any CPU.ActiveCfg = Release|Any CPU
		{2CEE88BC-401A-4C15-912E-E805246C737A}.Release|Any CPU.Build.0 = Release|Any CPU
	EndGlobalSection
	GlobalSection(SolutionProperties) = preSolution
		HideSolutionNode = FALSE
	EndGlobalSection
	GlobalSection(ExtensibilityGlobals) = postSolution
		SolutionGuid = {C5F0A605-4486-404B-954F-ADE0540B5C4D}
	EndGlobalSection
EndGlobal
